
Microsoft Visual Studio Solution File, Format Version 12.00
# Visual Studio 14
VisualStudioVersion = 14.0.25420.1
MinimumVisualStudioVersion = 10.0.40219.1
Project("{FAE04EC0-301F-11D3-BF4B-00C04F79EFBC}") = "LearnCS1", "LearnCS1\LearnCS1.csproj", "{A372488A-63B9-4B42-8F23-1A9BDF5ADA26}"
EndProject
Project("{FAE04EC0-301F-11D3-BF4B-00C04F79EFBC}") = "BasicConsoleIO", "BasicConsoleIO\BasicConsoleIO.csproj", "{3F74862D-79D2-4E6B-BF33-7891B5962309}"
EndProject
Project("{FAE04EC0-301F-11D3-BF4B-00C04F79EFBC}") = "BasicDataTypes", "BasicDataTypes\BasicDataTypes.csproj", "{C574AACF-CAC2-4F5D-86B5-52C133B4AEC0}"
EndProject
Project("{FAE04EC0-301F-11D3-BF4B-00C04F79EFBC}") = "Loops", "Loops\Loops.csproj", "{8E7E441E-1FC9-4A67-84B3-E78C2C8AF06C}"
EndProject
Project("{FAE04EC0-301F-11D3-BF4B-00C04F79EFBC}") = "CatchingExceptions", "CatchingExceptions\CatchingExceptions.csproj", "{AD37258E-79B4-4891-9022-DBC1AE6CECED}"
EndProject
Project("{FAE04EC0-301F-11D3-BF4B-00C04F79EFBC}") = "FunWithMethods", "FunWithMethods\FunWithMethods.csproj", "{EECF06D6-7F72-40E6-8160-9EED48CE989B}"
EndProject
Project("{FAE04EC0-301F-11D3-BF4B-00C04F79EFBC}") = "FunWithArrays", "MethodOverloading\FunWithArrays.csproj", "{BB9562D0-31EE-4958-A9F3-101A2815FCEF}"
EndProject
Project("{FAE04EC0-301F-11D3-BF4B-00C04F79EFBC}") = "FunWithEnums", "FunWithEnums\FunWithEnums.csproj", "{966A2644-D257-48D2-BC9E-0E3C38B64FF0}"
EndProject
Project("{FAE04EC0-301F-11D3-BF4B-00C04F79EFBC}") = "ValueAndReferenceType", "ValueAndReferenceType\ValueAndReferenceType.csproj", "{CA5B8F1D-D604-49F3-B46B-6863899852B6}"
EndProject
Project("{FAE04EC0-301F-11D3-BF4B-00C04F79EFBC}") = "McMeetas", "McMeetas\McMeetas.csproj", "{F874F0BD-A42A-42E1-9330-E7E4CE6AFE06}"
EndProject
Global
	GlobalSection(SolutionConfigurationPlatforms) = preSolution
		Debug|Any CPU = Debug|Any CPU
		Release|Any CPU = Release|Any CPU
	EndGlobalSection
	GlobalSection(ProjectConfigurationPlatforms) = postSolution
		{A372488A-63B9-4B42-8F23-1A9BDF5ADA26}.Debug|Any CPU.ActiveCfg = Debug|Any CPU
		{A372488A-63B9-4B42-8F23-1A9BDF5ADA26}.Debug|Any CPU.Build.0 = Debug|Any CPU
		{A372488A-63B9-4B42-8F23-1A9BDF5ADA26}.Release|Any CPU.ActiveCfg = Release|Any CPU
		{A372488A-63B9-4B42-8F23-1A9BDF5ADA26}.Release|Any CPU.Build.0 = Release|Any CPU
		{3F74862D-79D2-4E6B-BF33-7891B5962309}.Debug|Any CPU.ActiveCfg = Debug|Any CPU
		{3F74862D-79D2-4E6B-BF33-7891B5962309}.Debug|Any CPU.Build.0 = Debug|Any CPU
		{3F74862D-79D2-4E6B-BF33-7891B5962309}.Release|Any CPU.ActiveCfg = Release|Any CPU
		{3F74862D-79D2-4E6B-BF33-7891B5962309}.Release|Any CPU.Build.0 = Release|Any CPU
		{C574AACF-CAC2-4F5D-86B5-52C133B4AEC0}.Debug|Any CPU.ActiveCfg = Debug|Any CPU
		{C574AACF-CAC2-4F5D-86B5-52C133B4AEC0}.Debug|Any CPU.Build.0 = Debug|Any CPU
		{C574AACF-CAC2-4F5D-86B5-52C133B4AEC0}.Release|Any CPU.ActiveCfg = Release|Any CPU
		{C574AACF-CAC2-4F5D-86B5-52C133B4AEC0}.Release|Any CPU.Build.0 = Release|Any CPU
		{8E7E441E-1FC9-4A67-84B3-E78C2C8AF06C}.Debug|Any CPU.ActiveCfg = Debug|Any CPU
		{8E7E441E-1FC9-4A67-84B3-E78C2C8AF06C}.Debug|Any CPU.Build.0 = Debug|Any CPU
		{8E7E441E-1FC9-4A67-84B3-E78C2C8AF06C}.Release|Any CPU.ActiveCfg = Release|Any CPU
		{8E7E441E-1FC9-4A67-84B3-E78C2C8AF06C}.Release|Any CPU.Build.0 = Release|Any CPU
		{AD37258E-79B4-4891-9022-DBC1AE6CECED}.Debug|Any CPU.ActiveCfg = Debug|Any CPU
		{AD37258E-79B4-4891-9022-DBC1AE6CECED}.Debug|Any CPU.Build.0 = Debug|Any CPU
		{AD37258E-79B4-4891-9022-DBC1AE6CECED}.Release|Any CPU.ActiveCfg = Release|Any CPU
		{AD37258E-79B4-4891-9022-DBC1AE6CECED}.Release|Any CPU.Build.0 = Release|Any CPU
		{EECF06D6-7F72-40E6-8160-9EED48CE989B}.Debug|Any CPU.ActiveCfg = Debug|Any CPU
		{EECF06D6-7F72-40E6-8160-9EED48CE989B}.Debug|Any CPU.Build.0 = Debug|Any CPU
		{EECF06D6-7F72-40E6-8160-9EED48CE989B}.Release|Any CPU.ActiveCfg = Release|Any CPU
		{EECF06D6-7F72-40E6-8160-9EED48CE989B}.Release|Any CPU.Build.0 = Release|Any CPU
		{BB9562D0-31EE-4958-A9F3-101A2815FCEF}.Debug|Any CPU.ActiveCfg = Debug|Any CPU
		{BB9562D0-31EE-4958-A9F3-101A2815FCEF}.Debug|Any CPU.Build.0 = Debug|Any CPU
		{BB9562D0-31EE-4958-A9F3-101A2815FCEF}.Release|Any CPU.ActiveCfg = Release|Any CPU
		{BB9562D0-31EE-4958-A9F3-101A2815FCEF}.Release|Any CPU.Build.0 = Release|Any CPU
		{966A2644-D257-48D2-BC9E-0E3C38B64FF0}.Debug|Any CPU.ActiveCfg = Debug|Any CPU
		{966A2644-D257-48D2-BC9E-0E3C38B64FF0}.Debug|Any CPU.Build.0 = Debug|Any CPU
		{966A2644-D257-48D2-BC9E-0E3C38B64FF0}.Release|Any CPU.ActiveCfg = Release|Any CPU
		{966A2644-D257-48D2-BC9E-0E3C38B64FF0}.Release|Any CPU.Build.0 = Release|Any CPU
		{CA5B8F1D-D604-49F3-B46B-6863899852B6}.Debug|Any CPU.ActiveCfg = Debug|Any CPU
		{CA5B8F1D-D604-49F3-B46B-6863899852B6}.Debug|Any CPU.Build.0 = Debug|Any CPU
		{CA5B8F1D-D604-49F3-B46B-6863899852B6}.Release|Any CPU.ActiveCfg = Release|Any CPU
		{CA5B8F1D-D604-49F3-B46B-6863899852B6}.Release|Any CPU.Build.0 = Release|Any CPU
		{F874F0BD-A42A-42E1-9330-E7E4CE6AFE06}.Debug|Any CPU.ActiveCfg = Debug|Any CPU
		{F874F0BD-A42A-42E1-9330-E7E4CE6AFE06}.Debug|Any CPU.Build.0 = Debug|Any CPU
		{F874F0BD-A42A-42E1-9330-E7E4CE6AFE06}.Release|Any CPU.ActiveCfg = Release|Any CPU
		{F874F0BD-A42A-42E1-9330-E7E4CE6AFE06}.Release|Any CPU.Build.0 = Release|Any CPU
	EndGlobalSection
	GlobalSection(SolutionProperties) = preSolution
		HideSolutionNode = FALSE
	EndGlobalSection
EndGlobal
